{
    "_readme": [
        "This file locks the dependencies of your project to a known state",
        "Read more about it at https://getcomposer.org/doc/01-basic-usage.md#installing-dependencies",
        "This file is @generated automatically"
    ],
    "content-hash": "534e6d2060e7bf77e063d99353ce8413",
    "packages": [
        {
            "name": "adoy/fastcgi-client",
            "version": "1.0.2",
            "source": {
                "type": "git",
                "url": "https://github.com/adoy/PHP-FastCGI-Client.git",
                "reference": "6d9a552f0206a1db7feb442824540aa6c55e5b27"
            },
            "dist": {
                "type": "zip",
                "url": "https://api.github.com/repos/adoy/PHP-FastCGI-Client/zipball/6d9a552f0206a1db7feb442824540aa6c55e5b27",
                "reference": "6d9a552f0206a1db7feb442824540aa6c55e5b27",
                "shasum": ""
            },
            "type": "library",
            "autoload": {
                "psr-0": {
                    "Adoy\\FastCGI\\": "src"
                }
            },
            "notification-url": "https://packagist.org/downloads/",
            "license": [
                "MIT"
            ],
            "authors": [
                {
                    "name": "Pierrick Charron",
                    "email": "pierrick@adoy.net"
                }
            ],
            "description": "Lightweight, single file FastCGI client for PHP.",
            "keywords": [
                "fastcgi",
                "fcgi"
            ],
            "time": "2019-12-11T13:49:21+00:00"
        }
    ],
    "packages-dev": [],
    "aliases": [],
    "minimum-stability": "stable",
    "stability-flags": [],
    "prefer-stable": false,
    "prefer-lowest": false,
    "platform": [],
    "platform-dev": [],
    "plugin-api-version": "1.1.0"
}
